
Microsoft Visual Studio Solution File, Format Version 12.00
# Visual Studio Version 17
VisualStudioVersion = 17.13.35828.75 d17.13
MinimumVisualStudioVersion = 10.0.40219.1
Project("{FAE04EC0-301F-11D3-BF4B-00C04F79EFBC}") = "HiloCorredores", "HiloCorredores.csproj", "{CBDC42BB-01BC-4BC2-858B-3B11FAAEFB56}"
EndProject
Global
	GlobalSection(SolutionConfigurationPlatforms) = preSolution
		Debug|Any CPU = Debug|Any CPU
		Release|Any CPU = Release|Any CPU
	EndGlobalSection
	GlobalSection(ProjectConfigurationPlatforms) = postSolution
		{CBDC42BB-01BC-4BC2-858B-3B11FAAEFB56}.Debug|Any CPU.ActiveCfg = Debug|Any CPU
		{CBDC42BB-01BC-4BC2-858B-3B11FAAEFB56}.Debug|Any CPU.Build.0 = Debug|Any CPU
		{CBDC42BB-01BC-4BC2-858B-3B11FAAEFB56}.Release|Any CPU.ActiveCfg = Release|Any CPU
		{CBDC42BB-01BC-4BC2-858B-3B11FAAEFB56}.Release|Any CPU.Build.0 = Release|Any CPU
	EndGlobalSection
	GlobalSection(SolutionProperties) = preSolution
		HideSolutionNode = FALSE
	EndGlobalSection
	GlobalSection(ExtensibilityGlobals) = postSolution
		SolutionGuid = {8F3F2703-FA15-4D7E-896C-2087908D92EA}
	EndGlobalSection
EndGlobal
